
Microsoft Visual Studio Solution File, Format Version 12.00
# Visual Studio Version 16
VisualStudioVersion = 16.0.29613.14
MinimumVisualStudioVersion = 10.0.40219.1
Project("{FAE04EC0-301F-11D3-BF4B-00C04F79EFBC}") = "PairingBrackets", "PairingBrackets\PairingBrackets.csproj", "{C93EC19F-532A-4B39-A69D-CF6376A9E245}"
EndProject
Project("{FAE04EC0-301F-11D3-BF4B-00C04F79EFBC}") = "PairingBrackets.UnitTests", "PairingBrackets.UnitTests\PairingBrackets.UnitTests.csproj", "{9AD6E6BF-4A33-4DE9-8BD2-543FFEB25277}"
EndProject
Global
	GlobalSection(SolutionConfigurationPlatforms) = preSolution
		Debug|Any CPU = Debug|Any CPU
		Release|Any CPU = Release|Any CPU
	EndGlobalSection
	GlobalSection(ProjectConfigurationPlatforms) = postSolution
		{C93EC19F-532A-4B39-A69D-CF6376A9E245}.Debug|Any CPU.ActiveCfg = Debug|Any CPU
		{C93EC19F-532A-4B39-A69D-CF6376A9E245}.Debug|Any CPU.Build.0 = Debug|Any CPU
		{C93EC19F-532A-4B39-A69D-CF6376A9E245}.Release|Any CPU.ActiveCfg = Release|Any CPU
		{C93EC19F-532A-4B39-A69D-CF6376A9E245}.Release|Any CPU.Build.0 = Release|Any CPU
		{9AD6E6BF-4A33-4DE9-8BD2-543FFEB25277}.Debug|Any CPU.ActiveCfg = Debug|Any CPU
		{9AD6E6BF-4A33-4DE9-8BD2-543FFEB25277}.Debug|Any CPU.Build.0 = Debug|Any CPU
		{9AD6E6BF-4A33-4DE9-8BD2-543FFEB25277}.Release|Any CPU.ActiveCfg = Release|Any CPU
		{9AD6E6BF-4A33-4DE9-8BD2-543FFEB25277}.Release|Any CPU.Build.0 = Release|Any CPU
	EndGlobalSection
	GlobalSection(SolutionProperties) = preSolution
		HideSolutionNode = FALSE
	EndGlobalSection
	GlobalSection(ExtensibilityGlobals) = postSolution
		SolutionGuid = {7F643C93-EB54-4272-BCB1-3712DC966D47}
	EndGlobalSection
EndGlobal
